// !$*UTF8*$!
{
	archiveVersion = 1;
	classes = {
	};
	objectVersion = 46;
	objects = {

/* Begin PBXBuildFile section */
		8AC70A971D6AA65900C8D01B /* AppDelegate.swift in Sources */ = {isa = PBXBuildFile; fileRef = 8AC70A961D6AA65900C8D01B /* AppDelegate.swift */; };
		8AC70A991D6AA65900C8D01B /* ViewController.swift in Sources */ = {isa = PBXBuildFile; fileRef = 8AC70A981D6AA65900C8D01B /* ViewController.swift */; };
		8AC70A9C1D6AA65900C8D01B /* Main.storyboard in Resources */ = {isa = PBXBuildFile; fileRef = 8AC70A9A1D6AA65900C8D01B /* Main.storyboard */; };
		8AC70A9E1D6AA65900C8D01B /* Assets.xcassets in Resources */ = {isa = PBXBuildFile; fileRef = 8AC70A9D1D6AA65900C8D01B /* Assets.xcassets */; };
		8AC70AA11D6AA65900C8D01B /* LaunchScreen.storyboard in Resources */ = {isa = PBXBuildFile; fileRef = 8AC70A9F1D6AA65900C8D01B /* LaunchScreen.storyboard */; };
		8AC70AAC1D6AA65900C8D01B /* Animation_Week5Tests.swift in Sources */ = {isa = PBXBuildFile; fileRef = 8AC70AAB1D6AA65900C8D01B /* Animation_Week5Tests.swift */; };
		8AC70AB71D6AA65900C8D01B /* Animation_Week5UITests.swift in Sources */ = {isa = PBXBuildFile; fileRef = 8AC70AB61D6AA65900C8D01B /* Animation_Week5UITests.swift */; };
		8AC70AC51D6AA66D00C8D01B /* AniamtionView.swift in Sources */ = {isa = PBXBuildFile; fileRef = 8AC70AC41D6AA66D00C8D01B /* AniamtionView.swift */; };
		8AC70AC71D6AA89600C8D01B /* UIView+Frame.swift in Sources */ = {isa = PBXBuildFile; fileRef = 8AC70AC61D6AA89600C8D01B /* UIView+Frame.swift */; };
/* End PBXBuildFile section */

/* Begin PBXContainerItemProxy section */
		8AC70AA81D6AA65900C8D01B /* PBXContainerItemProxy */ = {
			isa = PBXContainerItemProxy;
			containerPortal = 8AC70A8B1D6AA65900C8D01B /* Project object */;
			proxyType = 1;
			remoteGlobalIDString = 8AC70A921D6AA65900C8D01B;
			remoteInfo = "Animation-Week5";
		};
		8AC70AB31D6AA65900C8D01B /* PBXContainerItemProxy */ = {
			isa = PBXContainerItemProxy;
			containerPortal = 8AC70A8B1D6AA65900C8D01B /* Project object */;
			proxyType = 1;
			remoteGlobalIDString = 8AC70A921D6AA65900C8D01B;
			remoteInfo = "Animation-Week5";
		};
/* End PBXContainerItemProxy section */

/* Begin PBXFileReference section */
		8AC70A931D6AA65900C8D01B /* Animation-Week5.app */ = {isa = PBXFileReference; explicitFileType = wrapper.application; includeInIndex = 0; path = "Animation-Week5.app"; sourceTree = BUILT_PRODUCTS_DIR; };
		8AC70A961D6AA65900C8D01B /* AppDelegate.swift */ = {isa = PBXFileReference; lastKnownFileType = sourcecode.swift; path = AppDelegate.swift; sourceTree = "<group>"; };
		8AC70A981D6AA65900C8D01B /* ViewController.swift */ = {isa = PBXFileReference; lastKnownFileType = sourcecode.swift; path = ViewController.swift; sourceTree = "<group>"; };
		8AC70A9B1D6AA65900C8D01B /* Base */ = {isa = PBXFileReference; lastKnownFileType = file.storyboard; name = Base; path = Base.lproj/Main.storyboard; sourceTree = "<group>"; };
		8AC70A9D1D6AA65900C8D01B /* Assets.xcassets */ = {isa = PBXFileReference; lastKnownFileType = folder.assetcatalog; path = Assets.xcassets; sourceTree = "<group>"; };
		8AC70AA01D6AA65900C8D01B /* Base */ = {isa = PBXFileReference; lastKnownFileType = file.storyboard; name = Base; path = Base.lproj/LaunchScreen.storyboard; sourceTree = "<group>"; };
		8AC70AA21D6AA65900C8D01B /* Info.plist */ = {isa = PBXFileReference; lastKnownFileType = text.plist.xml; path = Info.plist; sourceTree = "<group>"; };
		8AC70AA71D6AA65900C8D01B /* Animation-Week5Tests.xctest */ = {isa = PBXFileReference; explicitFileType = wrapper.cfbundle; includeInIndex = 0; path = "Animation-Week5Tests.xctest"; sourceTree = BUILT_PRODUCTS_DIR; };
		8AC70AAB1D6AA65900C8D01B /* Animation_Week5Tests.swift */ = {isa = PBXFileReference; lastKnownFileType = sourcecode.swift; path = Animation_Week5Tests.swift; sourceTree = "<group>"; };
		8AC70AAD1D6AA65900C8D01B /* Info.plist */ = {isa = PBXFileReference; lastKnownFileType = text.plist.xml; path = Info.plist; sourceTree = "<group>"; };
		8AC70AB21D6AA65900C8D01B /* Animation-Week5UITests.xctest */ = {isa = PBXFileReference; explicitFileType = wrapper.cfbundle; includeInIndex = 0; path = "Animation-Week5UITests.xctest"; sourceTree = BUILT_PRODUCTS_DIR; };
		8AC70AB61D6AA65900C8D01B /* Animation_Week5UITests.swift */ = {isa = PBXFileReference; lastKnownFileType = sourcecode.swift; path = Animation_Week5UITests.swift; sourceTree = "<group>"; };
		8AC70AB81D6AA65900C8D01B /* Info.plist */ = {isa = PBXFileReference; lastKnownFileType = text.plist.xml; path = Info.plist; sourceTree = "<group>"; };
		8AC70AC41D6AA66D00C8D01B /* AniamtionView.swift */ = {isa = PBXFileReference; fileEncoding = 4; lastKnownFileType = sourcecode.swift; path = AniamtionView.swift; sourceTree = "<group>"; };
		8AC70AC61D6AA89600C8D01B /* UIView+Frame.swift */ = {isa = PBXFileReference; fileEncoding = 4; lastKnownFileType = sourcecode.swift; path = "UIView+Frame.swift"; sourceTree = "<group>"; };
/* End PBXFileReference section */

/* Begin PBXFrameworksBuildPhase section */
		8AC70A901D6AA65900C8D01B /* Frameworks */ = {
			isa = PBXFrameworksBuildPhase;
			buildActionMask = 2147483647;
			files = (
			);
			runOnlyForDeploymentPostprocessing = 0;
		};
		8AC70AA41D6AA65900C8D01B /* Frameworks */ = {
			isa = PBXFrameworksBuildPhase;
			buildActionMask = 2147483647;
			files = (
			);
			runOnlyForDeploymentPostprocessing = 0;
		};
		8AC70AAF1D6AA65900C8D01B /* Frameworks */ = {
			isa = PBXFrameworksBuildPhase;
			buildActionMask = 2147483647;
			files = (
			);
			runOnlyForDeploymentPostprocessing = 0;
		};
/* End PBXFrameworksBuildPhase section */

/* Begin PBXGroup section */
		8AC70A8A1D6AA65900C8D01B = {
			isa = PBXGroup;
			children = (
				8AC70A951D6AA65900C8D01B /* Animation-Week5 */,
				8AC70AAA1D6AA65900C8D01B /* Animation-Week5Tests */,
				8AC70AB51D6AA65900C8D01B /* Animation-Week5UITests */,
				8AC70A941D6AA65900C8D01B /* Products */,
			);
			sourceTree = "<group>";
		};
		8AC70A941D6AA65900C8D01B /* Products */ = {
			isa = PBXGroup;
			children = (
				8AC70A931D6AA65900C8D01B /* Animation-Week5.app */,
				8AC70AA71D6AA65900C8D01B /* Animation-Week5Tests.xctest */,
				8AC70AB21D6AA65900C8D01B /* Animation-Week5UITests.xctest */,
			);
			name = Products;
			sourceTree = "<group>";
		};
		8AC70A951D6AA65900C8D01B /* Animation-Week5 */ = {
			isa = PBXGroup;
			children = (
				8AC70AC61D6AA89600C8D01B /* UIView+Frame.swift */,
				8AC70A961D6AA65900C8D01B /* AppDelegate.swift */,
				8AC70A981D6AA65900C8D01B /* ViewController.swift */,
				8AC70AC41D6AA66D00C8D01B /* AniamtionView.swift */,
				8AC70A9A1D6AA65900C8D01B /* Main.storyboard */,
				8AC70A9D1D6AA65900C8D01B /* Assets.xcassets */,
				8AC70A9F1D6AA65900C8D01B /* LaunchScreen.storyboard */,
				8AC70AA21D6AA65900C8D01B /* Info.plist */,
			);
			path = "Animation-Week5";
			sourceTree = "<group>";
		};
		8AC70AAA1D6AA65900C8D01B /* Animation-Week5Tests */ = {
			isa = PBXGroup;
			children = (
				8AC70AAB1D6AA65900C8D01B /* Animation_Week5Tests.swift */,
				8AC70AAD1D6AA65900C8D01B /* Info.plist */,
			);
			path = "Animation-Week5Tests";
			sourceTree = "<group>";
		};
		8AC70AB51D6AA65900C8D01B /* Animation-Week5UITests */ = {
			isa = PBXGroup;
			children = (
				8AC70AB61D6AA65900C8D01B /* Animation_Week5UITests.swift */,
				8AC70AB81D6AA65900C8D01B /* Info.plist */,
			);
			path = "Animation-Week5UITests";
			sourceTree = "<group>";
		};
/* End PBXGroup section */

/* Begin PBXNativeTarget section */
		8AC70A921D6AA65900C8D01B /* Animation-Week5 */ = {
			isa = PBXNativeTarget;
			buildConfigurationList = 8AC70ABB1D6AA65900C8D01B /* Build configuration list for PBXNativeTarget "Animation-Week5" */;
			buildPhases = (
				8AC70A8F1D6AA65900C8D01B /* Sources */,
				8AC70A901D6AA65900C8D01B /* Frameworks */,
				8AC70A911D6AA65900C8D01B /* Resources */,
			);
			buildRules = (
			);
			dependencies = (
			);
			name = "Animation-Week5";
			productName = "Animation-Week5";
			productReference = 8AC70A931D6AA65900C8D01B /* Animation-Week5.app */;
			productType = "com.apple.product-type.application";
		};
		8AC70AA61D6AA65900C8D01B /* Animation-Week5Tests */ = {
			isa = PBXNativeTarget;
			buildConfigurationList = 8AC70ABE1D6AA65900C8D01B /* Build configuration list for PBXNativeTarget "Animation-Week5Tests" */;
			buildPhases = (
				8AC70AA31D6AA65900C8D01B /* Sources */,
				8AC70AA41D6AA65900C8D01B /* Frameworks */,
				8AC70AA51D6AA65900C8D01B /* Resources */,
			);
			buildRules = (
			);
			dependencies = (
				8AC70AA91D6AA65900C8D01B /* PBXTargetDependency */,
			);
			name = "Animation-Week5Tests";
			productName = "Animation-Week5Tests";
			productReference = 8AC70AA71D6AA65900C8D01B /* Animation-Week5Tests.xctest */;
			productType = "com.apple.product-type.bundle.unit-test";
		};
		8AC70AB11D6AA65900C8D01B /* Animation-Week5UITests */ = {
			isa = PBXNativeTarget;
			buildConfigurationList = 8AC70AC11D6AA65900C8D01B /* Build configuration list for PBXNativeTarget "Animation-Week5UITests" */;
			buildPhases = (
				8AC70AAE1D6AA65900C8D01B /* Sources */,
				8AC70AAF1D6AA65900C8D01B /* Frameworks */,
				8AC70AB01D6AA65900C8D01B /* Resources */,
			);
			buildRules = (
			);
			dependencies = (
				8AC70AB41D6AA65900C8D01B /* PBXTargetDependency */,
			);
			name = "Animation-Week5UITests";
			productName = "Animation-Week5UITests";
			productReference = 8AC70AB21D6AA65900C8D01B /* Animation-Week5UITests.xctest */;
			productType = "com.apple.product-type.bundle.ui-testing";
		};
/* End PBXNativeTarget section */

/* Begin PBXProject section */
		8AC70A8B1D6AA65900C8D01B /* Project object */ = {
			isa = PBXProject;
			attributes = {
				LastSwiftUpdateCheck = 0730;
				LastUpgradeCheck = 0730;
				ORGANIZATIONNAME = LGM;
				TargetAttributes = {
					8AC70A921D6AA65900C8D01B = {
						CreatedOnToolsVersion = 7.3.1;
					};
					8AC70AA61D6AA65900C8D01B = {
						CreatedOnToolsVersion = 7.3.1;
						TestTargetID = 8AC70A921D6AA65900C8D01B;
					};
					8AC70AB11D6AA65900C8D01B = {
						CreatedOnToolsVersion = 7.3.1;
						TestTargetID = 8AC70A921D6AA65900C8D01B;
					};
				};
			};
			buildConfigurationList = 8AC70A8E1D6AA65900C8D01B /* Build configuration list for PBXProject "Animation-Week5" */;
			compatibilityVersion = "Xcode 3.2";
			developmentRegion = English;
			hasScannedForEncodings = 0;
			knownRegions = (
				en,
				Base,
			);
			mainGroup = 8AC70A8A1D6AA65900C8D01B;
			productRefGroup = 8AC70A941D6AA65900C8D01B /* Products */;
			projectDirPath = "";
			projectRoot = "";
			targets = (
				8AC70A921D6AA65900C8D01B /* Animation-Week5 */,
				8AC70AA61D6AA65900C8D01B /* Animation-Week5Tests */,
				8AC70AB11D6AA65900C8D01B /* Animation-Week5UITests */,
			);
		};
/* End PBXProject section */

/* Begin PBXResourcesBuildPhase section */
		8AC70A911D6AA65900C8D01B /* Resources */ = {
			isa = PBXResourcesBuildPhase;
			buildActionMask = 2147483647;
			files = (
				8AC70AA11D6AA65900C8D01B /* LaunchScreen.storyboard in Resources */,
				8AC70A9E1D6AA65900C8D01B /* Assets.xcassets in Resources */,
				8AC70A9C1D6AA65900C8D01B /* Main.storyboard in Resources */,
			);
			runOnlyForDeploymentPostprocessing = 0;
		};
		8AC70AA51D6AA65900C8D01B /* Resources */ = {
			isa = PBXResourcesBuildPhase;
			buildActionMask = 2147483647;
			files = (
			);
			runOnlyForDeploymentPostprocessing = 0;
		};
		8AC70AB01D6AA65900C8D01B /* Resources */ = {
			isa = PBXResourcesBuildPhase;
			buildActionMask = 2147483647;
			files = (
			);
			runOnlyForDeploymentPostprocessing = 0;
		};
/* End PBXResourcesBuildPhase section */

/* Begin PBXSourcesBuildPhase section */
		8AC70A8F1D6AA65900C8D01B /* Sources */ = {
			isa = PBXSourcesBuildPhase;
			buildActionMask = 2147483647;
			files = (
				8AC70AC71D6AA89600C8D01B /* UIView+Frame.swift in Sources */,
				8AC70A991D6AA65900C8D01B /* ViewController.swift in Sources */,
				8AC70A971D6AA65900C8D01B /* AppDelegate.swift in Sources */,
				8AC70AC51D6AA66D00C8D01B /* AniamtionView.swift in Sources */,
			);
			runOnlyForDeploymentPostprocessing = 0;
		};
		8AC70AA31D6AA65900C8D01B /* Sources */ = {
			isa = PBXSourcesBuildPhase;
			buildActionMask = 2147483647;
			files = (
				8AC70AAC1D6AA65900C8D01B /* Animation_Week5Tests.swift in Sources */,
			);
			runOnlyForDeploymentPostprocessing = 0;
		};
		8AC70AAE1D6AA65900C8D01B /* Sources */ = {
			isa = PBXSourcesBuildPhase;
			buildActionMask = 2147483647;
			files = (
				8AC70AB71D6AA65900C8D01B /* Animation_Week5UITests.swift in Sources */,
			);
			runOnlyForDeploymentPostprocessing = 0;
		};
/* End PBXSourcesBuildPhase section */

/* Begin PBXTargetDependency section */
		8AC70AA91D6AA65900C8D01B /* PBXTargetDependency */ = {
			isa = PBXTargetDependency;
			target = 8AC70A921D6AA65900C8D01B /* Animation-Week5 */;
			targetProxy = 8AC70AA81D6AA65900C8D01B /* PBXContainerItemProxy */;
		};
		8AC70AB41D6AA65900C8D01B /* PBXTargetDependency */ = {
			isa = PBXTargetDependency;
			target = 8AC70A921D6AA65900C8D01B /* Animation-Week5 */;
			targetProxy = 8AC70AB31D6AA65900C8D01B /* PBXContainerItemProxy */;
		};
/* End PBXTargetDependency section */

/* Begin PBXVariantGroup section */
		8AC70A9A1D6AA65900C8D01B /* Main.storyboard */ = {
			isa = PBXVariantGroup;
			children = (
				8AC70A9B1D6AA65900C8D01B /* Base */,
			);
			name = Main.storyboard;
			sourceTree = "<group>";
		};
		8AC70A9F1D6AA65900C8D01B /* LaunchScreen.storyboard */ = {
			isa = PBXVariantGroup;
			children = (
				8AC70AA01D6AA65900C8D01B /* Base */,
			);
			name = LaunchScreen.storyboard;
			sourceTree = "<group>";
		};
/* End PBXVariantGroup section */

/* Begin XCBuildConfiguration section */
		8AC70AB91D6AA65900C8D01B /* Debug */ = {
			isa = XCBuildConfiguration;
			buildSettings = {
				ALWAYS_SEARCH_USER_PATHS = NO;
				CLANG_ANALYZER_NONNULL = YES;
				CLANG_CXX_LANGUAGE_STANDARD = "gnu++0x";
				CLANG_CXX_LIBRARY = "libc++";
				CLANG_ENABLE_MODULES = YES;
				CLANG_ENABLE_OBJC_ARC = YES;
				CLANG_WARN_BOOL_CONVERSION = YES;
				CLANG_WARN_CONSTANT_CONVERSION = YES;
				CLANG_WARN_DIRECT_OBJC_ISA_USAGE = YES_ERROR;
				CLANG_WARN_EMPTY_BODY = YES;
				CLANG_WARN_ENUM_CONVERSION = YES;
				CLANG_WARN_INT_CONVERSION = YES;
				CLANG_WARN_OBJC_ROOT_CLASS = YES_ERROR;
				CLANG_WARN_UNREACHABLE_CODE = YES;
				CLANG_WARN__DUPLICATE_METHOD_MATCH = YES;
				"CODE_SIGN_IDENTITY[sdk=iphoneos*]" = "iPhone Developer";
				COPY_PHASE_STRIP = NO;
				DEBUG_INFORMATION_FORMAT = dwarf;
				ENABLE_STRICT_OBJC_MSGSEND = YES;
				ENABLE_TESTABILITY = YES;
				GCC_C_LANGUAGE_STANDARD = gnu99;
				GCC_DYNAMIC_NO_PIC = NO;
				GCC_NO_COMMON_BLOCKS = YES;
				GCC_OPTIMIZATION_LEVEL = 0;
				GCC_PREPROCESSOR_DEFINITIONS = (
					"DEBUG=1",
					"$(inherited)",
				);
				GCC_WARN_64_TO_32_BIT_CONVERSION = YES;
				GCC_WARN_ABOUT_RETURN_TYPE = YES_ERROR;
				GCC_WARN_UNDECLARED_SELECTOR = YES;
				GCC_WARN_UNINITIALIZED_AUTOS = YES_AGGRESSIVE;
				GCC_WARN_UNUSED_FUNCTION = YES;
				GCC_WARN_UNUSED_VARIABLE = YES;
				IPHONEOS_DEPLOYMENT_TARGET = 9.3;
				MTL_ENABLE_DEBUG_INFO = YES;
				ONLY_ACTIVE_ARCH = YES;
				SDKROOT = iphoneos;
				SWIFT_OPTIMIZATION_LEVEL = "-Onone";
				TARGETED_DEVICE_FAMILY = "1,2";
			};
			name = Debug;
		};
		8AC70ABA1D6AA65900C8D01B /* Release */ = {
			isa = XCBuildConfiguration;
			buildSettings = {
				ALWAYS_SEARCH_USER_PATHS = NO;
				CLANG_ANALYZER_NONNULL = YES;
				CLANG_CXX_LANGUAGE_STANDARD = "gnu++0x";
				CLANG_CXX_LIBRARY = "libc++";
				CLANG_ENABLE_MODULES = YES;
				CLANG_ENABLE_OBJC_ARC = YES;
				CLANG_WARN_BOOL_CONVERSION = YES;
				CLANG_WARN_CONSTANT_CONVERSION = YES;
				CLANG_WARN_DIRECT_OBJC_ISA_USAGE = YES_ERROR;
				CLANG_WARN_EMPTY_BODY = YES;
				CLANG_WARN_ENUM_CONVERSION = YES;
				CLANG_WARN_INT_CONVERSION = YES;
				CLANG_WARN_OBJC_ROOT_CLASS = YES_ERROR;
				CLANG_WARN_UNREACHABLE_CODE = YES;
				CLANG_WARN__DUPLICATE_METHOD_MATCH = YES;
				"CODE_SIGN_IDENTITY[sdk=iphoneos*]" = "iPhone Developer";
				COPY_PHASE_STRIP = NO;
				DEBUG_INFORMATION_FORMAT = "dwarf-with-dsym";
				ENABLE_NS_ASSERTIONS = NO;
				ENABLE_STRICT_OBJC_MSGSEND = YES;
				GCC_C_LANGUAGE_STANDARD = gnu99;
				GCC_NO_COMMON_BLOCKS = YES;
				GCC_WARN_64_TO_32_BIT_CONVERSION = YES;
				GCC_WARN_ABOUT_RETURN_TYPE = YES_ERROR;
				GCC_WARN_UNDECLARED_SELECTOR = YES;
				GCC_WARN_UNINITIALIZED_AUTOS = YES_AGGRESSIVE;
				GCC_WARN_UNUSED_FUNCTION = YES;
				GCC_WARN_UNUSED_VARIABLE = YES;
				IPHONEOS_DEPLOYMENT_TARGET = 9.3;
				MTL_ENABLE_DEBUG_INFO = NO;
				SDKROOT = iphoneos;
				TARGETED_DEVICE_FAMILY = "1,2";
				VALIDATE_PRODUCT = YES;
			};
			name = Release;
		};
		8AC70ABC1D6AA65900C8D01B /* Debug */ = {
			isa = XCBuildConfiguration;
			buildSettings = {
				ASSETCATALOG_COMPILER_APPICON_NAME = AppIcon;
				INFOPLIST_FILE = "Animation-Week5/Info.plist";
				LD_RUNPATH_SEARCH_PATHS = "$(inherited) @executable_path/Frameworks";
				PRODUCT_BUNDLE_IDENTIFIER = "com.LGM.Animation-Week5";
				PRODUCT_NAME = "$(TARGET_NAME)";
			};
			name = Debug;
		};
		8AC70ABD1D6AA65900C8D01B /* Release */ = {
			isa = XCBuildConfiguration;
			buildSettings = {
				ASSETCATALOG_COMPILER_APPICON_NAME = AppIcon;
				INFOPLIST_FILE = "Animation-Week5/Info.plist";
				LD_RUNPATH_SEARCH_PATHS = "$(inherited) @executable_path/Frameworks";
				PRODUCT_BUNDLE_IDENTIFIER = "com.LGM.Animation-Week5";
				PRODUCT_NAME = "$(TARGET_NAME)";
			};
			name = Release;
		};
		8AC70ABF1D6AA65900C8D01B /* Debug */ = {
			isa = XCBuildConfiguration;
			buildSettings = {
				BUNDLE_LOADER = "$(TEST_HOST)";
				INFOPLIST_FILE = "Animation-Week5Tests/Info.plist";
				LD_RUNPATH_SEARCH_PATHS = "$(inherited) @executable_path/Frameworks @loader_path/Frameworks";
				PRODUCT_BUNDLE_IDENTIFIER = "com.LGM.Animation-Week5Tests";
				PRODUCT_NAME = "$(TARGET_NAME)";
				TEST_HOST = "$(BUILT_PRODUCTS_DIR)/Animation-Week5.app/Animation-Week5";
			};
			name = Debug;
		};
		8AC70AC01D6AA65900C8D01B /* Release */ = {
			isa = XCBuildConfiguration;
			buildSettings = {
				BUNDLE_LOADER = "$(TEST_HOST)";
				INFOPLIST_FILE = "Animation-Week5Tests/Info.plist";
				LD_RUNPATH_SEARCH_PATHS = "$(inherited) @executable_path/Frameworks @loader_path/Frameworks";
				PRODUCT_BUNDLE_IDENTIFIER = "com.LGM.Animation-Week5Tests";
				PRODUCT_NAME = "$(TARGET_NAME)";
				TEST_HOST = "$(BUILT_PRODUCTS_DIR)/Animation-Week5.app/Animation-Week5";
			};
			name = Release;
		};
		8AC70AC21D6AA65900C8D01B /* Debug */ = {
			isa = XCBuildConfiguration;
			buildSettings = {
				INFOPLIST_FILE = "Animation-Week5UITests/Info.plist";
				LD_RUNPATH_SEARCH_PATHS = "$(inherited) @executable_path/Frameworks @loader_path/Frameworks";
				PRODUCT_BUNDLE_IDENTIFIER = "com.LGM.Animation-Week5UITests";
				PRODUCT_NAME = "$(TARGET_NAME)";
				TEST_TARGET_NAME = "Animation-Week5";
			};
			name = Debug;
		};
		8AC70AC31D6AA65900C8D01B /* Release */ = {
			isa = XCBuildConfiguration;
			buildSettings = {
				INFOPLIST_FILE = "Animation-Week5UITests/Info.plist";
				LD_RUNPATH_SEARCH_PATHS = "$(inherited) @executable_path/Frameworks @loader_path/Frameworks";
				PRODUCT_BUNDLE_IDENTIFIER = "com.LGM.Animation-Week5UITests";
				PRODUCT_NAME = "$(TARGET_NAME)";
				TEST_TARGET_NAME = "Animation-Week5";
			};
			name = Release;
		};
/* End XCBuildConfiguration section */

/* Begin XCConfigurationList section */
		8AC70A8E1D6AA65900C8D01B /* Build configuration list for PBXProject "Animation-Week5" */ = {
			isa = XCConfigurationList;
			buildConfigurations = (
				8AC70AB91D6AA65900C8D01B /* Debug */,
				8AC70ABA1D6AA65900C8D01B /* Release */,
			);
			defaultConfigurationIsVisible = 0;
			defaultConfigurationName = Release;
		};
		8AC70ABB1D6AA65900C8D01B /* Build configuration list for PBXNativeTarget "Animation-Week5" */ = {
			isa = XCConfigurationList;
			buildConfigurations = (
				8AC70ABC1D6AA65900C8D01B /* Debug */,
				8AC70ABD1D6AA65900C8D01B /* Release */,
			);
			defaultConfigurationIsVisible = 0;
		};
		8AC70ABE1D6AA65900C8D01B /* Build configuration list for PBXNativeTarget "Animation-Week5Tests" */ = {
			isa = XCConfigurationList;
			buildConfigurations = (
				8AC70ABF1D6AA65900C8D01B /* Debug */,
				8AC70AC01D6AA65900C8D01B /* Release */,
			);
			defaultConfigurationIsVisible = 0;
		};
		8AC70AC11D6AA65900C8D01B /* Build configuration list for PBXNativeTarget "Animation-Week5UITests" */ = {
			isa = XCConfigurationList;
			buildConfigurations = (
				8AC70AC21D6AA65900C8D01B /* Debug */,
				8AC70AC31D6AA65900C8D01B /* Release */,
			);
			defaultConfigurationIsVisible = 0;
		};
/* End XCConfigurationList section */
	};
	rootObject = 8AC70A8B1D6AA65900C8D01B /* Project object */;
}
